// !$*UTF8*$!
{
	archiveVersion = 1;
	classes = {
	};
	objectVersion = 50;
	objects = {

/* Begin PBXBuildFile section */
		93DCB8DD222C88A30003FBC8 /* AppDelegate.swift in Sources */ = {isa = PBXBuildFile; fileRef = 93DCB8DC222C88A30003FBC8 /* AppDelegate.swift */; };
		93DCB8DF222C88A40003FBC8 /* Assets.xcassets in Resources */ = {isa = PBXBuildFile; fileRef = 93DCB8DE222C88A40003FBC8 /* Assets.xcassets */; };
		93DCB8E2222C88A40003FBC8 /* MainMenu.xib in Resources */ = {isa = PBXBuildFile; fileRef = 93DCB8E0222C88A40003FBC8 /* MainMenu.xib */; };
		93DCB8EE222C88A40003FBC8 /* RayTracerChallengeTests.swift in Sources */ = {isa = PBXBuildFile; fileRef = 93DCB8ED222C88A40003FBC8 /* RayTracerChallengeTests.swift */; };
/* End PBXBuildFile section */

/* Begin PBXContainerItemProxy section */
		93DCB8EA222C88A40003FBC8 /* PBXContainerItemProxy */ = {
			isa = PBXContainerItemProxy;
			containerPortal = 93DCB8D1222C88A30003FBC8 /* Project object */;
			proxyType = 1;
			remoteGlobalIDString = 93DCB8D8222C88A30003FBC8;
			remoteInfo = RayTracerChallenge;
		};
/* End PBXContainerItemProxy section */

/* Begin PBXFileReference section */
		93DCB8D9222C88A30003FBC8 /* RayTracerChallenge.app */ = {isa = PBXFileReference; explicitFileType = wrapper.application; includeInIndex = 0; path = RayTracerChallenge.app; sourceTree = BUILT_PRODUCTS_DIR; };
		93DCB8DC222C88A30003FBC8 /* AppDelegate.swift */ = {isa = PBXFileReference; lastKnownFileType = sourcecode.swift; path = AppDelegate.swift; sourceTree = "<group>"; };
		93DCB8DE222C88A40003FBC8 /* Assets.xcassets */ = {isa = PBXFileReference; lastKnownFileType = folder.assetcatalog; path = Assets.xcassets; sourceTree = "<group>"; };
		93DCB8E1222C88A40003FBC8 /* Base */ = {isa = PBXFileReference; lastKnownFileType = file.xib; name = Base; path = Base.lproj/MainMenu.xib; sourceTree = "<group>"; };
		93DCB8E3222C88A40003FBC8 /* Info.plist */ = {isa = PBXFileReference; lastKnownFileType = text.plist.xml; path = Info.plist; sourceTree = "<group>"; };
		93DCB8E4222C88A40003FBC8 /* RayTracerChallenge.entitlements */ = {isa = PBXFileReference; lastKnownFileType = text.plist.entitlements; path = RayTracerChallenge.entitlements; sourceTree = "<group>"; };
		93DCB8E9222C88A40003FBC8 /* RayTracerChallengeTests.xctest */ = {isa = PBXFileReference; explicitFileType = wrapper.cfbundle; includeInIndex = 0; path = RayTracerChallengeTests.xctest; sourceTree = BUILT_PRODUCTS_DIR; };
		93DCB8ED222C88A40003FBC8 /* RayTracerChallengeTests.swift */ = {isa = PBXFileReference; lastKnownFileType = sourcecode.swift; path = RayTracerChallengeTests.swift; sourceTree = "<group>"; };
		93DCB8EF222C88A40003FBC8 /* Info.plist */ = {isa = PBXFileReference; lastKnownFileType = text.plist.xml; path = Info.plist; sourceTree = "<group>"; };
/* End PBXFileReference section */

/* Begin PBXFrameworksBuildPhase section */
		93DCB8D6222C88A30003FBC8 /* Frameworks */ = {
			isa = PBXFrameworksBuildPhase;
			buildActionMask = 2147483647;
			files = (
			);
			runOnlyForDeploymentPostprocessing = 0;
		};
		93DCB8E6222C88A40003FBC8 /* Frameworks */ = {
			isa = PBXFrameworksBuildPhase;
			buildActionMask = 2147483647;
			files = (
			);
			runOnlyForDeploymentPostprocessing = 0;
		};
/* End PBXFrameworksBuildPhase section */

/* Begin PBXGroup section */
		93DCB8D0222C88A30003FBC8 = {
			isa = PBXGroup;
			children = (
				93DCB8DB222C88A30003FBC8 /* RayTracerChallenge */,
				93DCB8EC222C88A40003FBC8 /* RayTracerChallengeTests */,
				93DCB8DA222C88A30003FBC8 /* Products */,
			);
			sourceTree = "<group>";
		};
		93DCB8DA222C88A30003FBC8 /* Products */ = {
			isa = PBXGroup;
			children = (
				93DCB8D9222C88A30003FBC8 /* RayTracerChallenge.app */,
				93DCB8E9222C88A40003FBC8 /* RayTracerChallengeTests.xctest */,
			);
			name = Products;
			sourceTree = "<group>";
		};
		93DCB8DB222C88A30003FBC8 /* RayTracerChallenge */ = {
			isa = PBXGroup;
			children = (
				93DCB8DC222C88A30003FBC8 /* AppDelegate.swift */,
				93DCB8DE222C88A40003FBC8 /* Assets.xcassets */,
				93DCB8E0222C88A40003FBC8 /* MainMenu.xib */,
				93DCB8E3222C88A40003FBC8 /* Info.plist */,
				93DCB8E4222C88A40003FBC8 /* RayTracerChallenge.entitlements */,
			);
			path = RayTracerChallenge;
			sourceTree = "<group>";
		};
		93DCB8EC222C88A40003FBC8 /* RayTracerChallengeTests */ = {
			isa = PBXGroup;
			children = (
				93DCB8ED222C88A40003FBC8 /* RayTracerChallengeTests.swift */,
				93DCB8EF222C88A40003FBC8 /* Info.plist */,
			);
			path = RayTracerChallengeTests;
			sourceTree = "<group>";
		};
/* End PBXGroup section */

/* Begin PBXNativeTarget section */
		93DCB8D8222C88A30003FBC8 /* RayTracerChallenge */ = {
			isa = PBXNativeTarget;
			buildConfigurationList = 93DCB8F2222C88A40003FBC8 /* Build configuration list for PBXNativeTarget "RayTracerChallenge" */;
			buildPhases = (
				93DCB8D5222C88A30003FBC8 /* Sources */,
				93DCB8D6222C88A30003FBC8 /* Frameworks */,
				93DCB8D7222C88A30003FBC8 /* Resources */,
			);
			buildRules = (
			);
			dependencies = (
			);
			name = RayTracerChallenge;
			productName = RayTracerChallenge;
			productReference = 93DCB8D9222C88A30003FBC8 /* RayTracerChallenge.app */;
			productType = "com.apple.product-type.application";
		};
		93DCB8E8222C88A40003FBC8 /* RayTracerChallengeTests */ = {
			isa = PBXNativeTarget;
			buildConfigurationList = 93DCB8F5222C88A40003FBC8 /* Build configuration list for PBXNativeTarget "RayTracerChallengeTests" */;
			buildPhases = (
				93DCB8E5222C88A40003FBC8 /* Sources */,
				93DCB8E6222C88A40003FBC8 /* Frameworks */,
				93DCB8E7222C88A40003FBC8 /* Resources */,
			);
			buildRules = (
			);
			dependencies = (
				93DCB8EB222C88A40003FBC8 /* PBXTargetDependency */,
			);
			name = RayTracerChallengeTests;
			productName = RayTracerChallengeTests;
			productReference = 93DCB8E9222C88A40003FBC8 /* RayTracerChallengeTests.xctest */;
			productType = "com.apple.product-type.bundle.unit-test";
		};
/* End PBXNativeTarget section */

/* Begin PBXProject section */
		93DCB8D1222C88A30003FBC8 /* Project object */ = {
			isa = PBXProject;
			attributes = {
				LastSwiftUpdateCheck = 1020;
				LastUpgradeCheck = 1020;
				ORGANIZATIONNAME = "Raymond Farnham";
				TargetAttributes = {
					93DCB8D8222C88A30003FBC8 = {
						CreatedOnToolsVersion = 10.2;
					};
					93DCB8E8222C88A40003FBC8 = {
						CreatedOnToolsVersion = 10.2;
						TestTargetID = 93DCB8D8222C88A30003FBC8;
					};
				};
			};
			buildConfigurationList = 93DCB8D4222C88A30003FBC8 /* Build configuration list for PBXProject "RayTracerChallenge" */;
			compatibilityVersion = "Xcode 9.3";
			developmentRegion = en;
			hasScannedForEncodings = 0;
			knownRegions = (
				en,
				Base,
			);
			mainGroup = 93DCB8D0222C88A30003FBC8;
			productRefGroup = 93DCB8DA222C88A30003FBC8 /* Products */;
			projectDirPath = "";
			projectRoot = "";
			targets = (
				93DCB8D8222C88A30003FBC8 /* RayTracerChallenge */,
				93DCB8E8222C88A40003FBC8 /* RayTracerChallengeTests */,
			);
		};
/* End PBXProject section */

/* Begin PBXResourcesBuildPhase section */
		93DCB8D7222C88A30003FBC8 /* Resources */ = {
			isa = PBXResourcesBuildPhase;
			buildActionMask = 2147483647;
			files = (
				93DCB8DF222C88A40003FBC8 /* Assets.xcassets in Resources */,
				93DCB8E2222C88A40003FBC8 /* MainMenu.xib in Resources */,
			);
			runOnlyForDeploymentPostprocessing = 0;
		};
		93DCB8E7222C88A40003FBC8 /* Resources */ = {
			isa = PBXResourcesBuildPhase;
			buildActionMask = 2147483647;
			files = (
			);
			runOnlyForDeploymentPostprocessing = 0;
		};
/* End PBXResourcesBuildPhase section */

/* Begin PBXSourcesBuildPhase section */
		93DCB8D5222C88A30003FBC8 /* Sources */ = {
			isa = PBXSourcesBuildPhase;
			buildActionMask = 2147483647;
			files = (
				93DCB8DD222C88A30003FBC8 /* AppDelegate.swift in Sources */,
			);
			runOnlyForDeploymentPostprocessing = 0;
		};
		93DCB8E5222C88A40003FBC8 /* Sources */ = {
			isa = PBXSourcesBuildPhase;
			buildActionMask = 2147483647;
			files = (
				93DCB8EE222C88A40003FBC8 /* RayTracerChallengeTests.swift in Sources */,
			);
			runOnlyForDeploymentPostprocessing = 0;
		};
/* End PBXSourcesBuildPhase section */

/* Begin PBXTargetDependency section */
		93DCB8EB222C88A40003FBC8 /* PBXTargetDependency */ = {
			isa = PBXTargetDependency;
			target = 93DCB8D8222C88A30003FBC8 /* RayTracerChallenge */;
			targetProxy = 93DCB8EA222C88A40003FBC8 /* PBXContainerItemProxy */;
		};
/* End PBXTargetDependency section */

/* Begin PBXVariantGroup section */
		93DCB8E0222C88A40003FBC8 /* MainMenu.xib */ = {
			isa = PBXVariantGroup;
			children = (
				93DCB8E1222C88A40003FBC8 /* Base */,
			);
			name = MainMenu.xib;
			sourceTree = "<group>";
		};
/* End PBXVariantGroup section */

/* Begin XCBuildConfiguration section */
		93DCB8F0222C88A40003FBC8 /* Debug */ = {
			isa = XCBuildConfiguration;
			buildSettings = {
				ALWAYS_SEARCH_USER_PATHS = NO;
				CLANG_ANALYZER_NONNULL = YES;
				CLANG_ANALYZER_NUMBER_OBJECT_CONVERSION = YES_AGGRESSIVE;
				CLANG_CXX_LANGUAGE_STANDARD = "gnu++14";
				CLANG_CXX_LIBRARY = "libc++";
				CLANG_ENABLE_MODULES = YES;
				CLANG_ENABLE_OBJC_ARC = YES;
				CLANG_ENABLE_OBJC_WEAK = YES;
				CLANG_WARN_BLOCK_CAPTURE_AUTORELEASING = YES;
				CLANG_WARN_BOOL_CONVERSION = YES;
				CLANG_WARN_COMMA = YES;
				CLANG_WARN_CONSTANT_CONVERSION = YES;
				CLANG_WARN_DEPRECATED_OBJC_IMPLEMENTATIONS = YES;
				CLANG_WARN_DIRECT_OBJC_ISA_USAGE = YES_ERROR;
				CLANG_WARN_DOCUMENTATION_COMMENTS = YES;
				CLANG_WARN_EMPTY_BODY = YES;
				CLANG_WARN_ENUM_CONVERSION = YES;
				CLANG_WARN_INFINITE_RECURSION = YES;
				CLANG_WARN_INT_CONVERSION = YES;
				CLANG_WARN_NON_LITERAL_NULL_CONVERSION = YES;
				CLANG_WARN_OBJC_IMPLICIT_RETAIN_SELF = YES;
				CLANG_WARN_OBJC_LITERAL_CONVERSION = YES;
				CLANG_WARN_OBJC_ROOT_CLASS = YES_ERROR;
				CLANG_WARN_RANGE_LOOP_ANALYSIS = YES;
				CLANG_WARN_STRICT_PROTOTYPES = YES;
				CLANG_WARN_SUSPICIOUS_MOVE = YES;
				CLANG_WARN_UNGUARDED_AVAILABILITY = YES_AGGRESSIVE;
				CLANG_WARN_UNREACHABLE_CODE = YES;
				CLANG_WARN__DUPLICATE_METHOD_MATCH = YES;
				CODE_SIGN_IDENTITY = "Mac Developer";
				COPY_PHASE_STRIP = NO;
				DEBUG_INFORMATION_FORMAT = dwarf;
				ENABLE_STRICT_OBJC_MSGSEND = YES;
				ENABLE_TESTABILITY = YES;
				GCC_C_LANGUAGE_STANDARD = gnu11;
				GCC_DYNAMIC_NO_PIC = NO;
				GCC_NO_COMMON_BLOCKS = YES;
				GCC_OPTIMIZATION_LEVEL = 0;
				GCC_PREPROCESSOR_DEFINITIONS = (
					"DEBUG=1",
					"$(inherited)",
				);
				GCC_WARN_64_TO_32_BIT_CONVERSION = YES;
				GCC_WARN_ABOUT_RETURN_TYPE = YES_ERROR;
				GCC_WARN_UNDECLARED_SELECTOR = YES;
				GCC_WARN_UNINITIALIZED_AUTOS = YES_AGGRESSIVE;
				GCC_WARN_UNUSED_FUNCTION = YES;
				GCC_WARN_UNUSED_VARIABLE = YES;
				MACOSX_DEPLOYMENT_TARGET = 10.14;
				MTL_ENABLE_DEBUG_INFO = INCLUDE_SOURCE;
				MTL_FAST_MATH = YES;
				ONLY_ACTIVE_ARCH = YES;
				SDKROOT = macosx;
				SWIFT_ACTIVE_COMPILATION_CONDITIONS = DEBUG;
				SWIFT_OPTIMIZATION_LEVEL = "-Onone";
			};
			name = Debug;
		};
		93DCB8F1222C88A40003FBC8 /* Release */ = {
			isa = XCBuildConfiguration;
			buildSettings = {
				ALWAYS_SEARCH_USER_PATHS = NO;
				CLANG_ANALYZER_NONNULL = YES;
				CLANG_ANALYZER_NUMBER_OBJECT_CONVERSION = YES_AGGRESSIVE;
				CLANG_CXX_LANGUAGE_STANDARD = "gnu++14";
				CLANG_CXX_LIBRARY = "libc++";
				CLANG_ENABLE_MODULES = YES;
				CLANG_ENABLE_OBJC_ARC = YES;
				CLANG_ENABLE_OBJC_WEAK = YES;
				CLANG_WARN_BLOCK_CAPTURE_AUTORELEASING = YES;
				CLANG_WARN_BOOL_CONVERSION = YES;
				CLANG_WARN_COMMA = YES;
				CLANG_WARN_CONSTANT_CONVERSION = YES;
				CLANG_WARN_DEPRECATED_OBJC_IMPLEMENTATIONS = YES;
				CLANG_WARN_DIRECT_OBJC_ISA_USAGE = YES_ERROR;
				CLANG_WARN_DOCUMENTATION_COMMENTS = YES;
				CLANG_WARN_EMPTY_BODY = YES;
				CLANG_WARN_ENUM_CONVERSION = YES;
				CLANG_WARN_INFINITE_RECURSION = YES;
				CLANG_WARN_INT_CONVERSION = YES;
				CLANG_WARN_NON_LITERAL_NULL_CONVERSION = YES;
				CLANG_WARN_OBJC_IMPLICIT_RETAIN_SELF = YES;
				CLANG_WARN_OBJC_LITERAL_CONVERSION = YES;
				CLANG_WARN_OBJC_ROOT_CLASS = YES_ERROR;
				CLANG_WARN_RANGE_LOOP_ANALYSIS = YES;
				CLANG_WARN_STRICT_PROTOTYPES = YES;
				CLANG_WARN_SUSPICIOUS_MOVE = YES;
				CLANG_WARN_UNGUARDED_AVAILABILITY = YES_AGGRESSIVE;
				CLANG_WARN_UNREACHABLE_CODE = YES;
				CLANG_WARN__DUPLICATE_METHOD_MATCH = YES;
				CODE_SIGN_IDENTITY = "Mac Developer";
				COPY_PHASE_STRIP = NO;
				DEBUG_INFORMATION_FORMAT = "dwarf-with-dsym";
				ENABLE_NS_ASSERTIONS = NO;
				ENABLE_STRICT_OBJC_MSGSEND = YES;
				GCC_C_LANGUAGE_STANDARD = gnu11;
				GCC_NO_COMMON_BLOCKS = YES;
				GCC_WARN_64_TO_32_BIT_CONVERSION = YES;
				GCC_WARN_ABOUT_RETURN_TYPE = YES_ERROR;
				GCC_WARN_UNDECLARED_SELECTOR = YES;
				GCC_WARN_UNINITIALIZED_AUTOS = YES_AGGRESSIVE;
				GCC_WARN_UNUSED_FUNCTION = YES;
				GCC_WARN_UNUSED_VARIABLE = YES;
				MACOSX_DEPLOYMENT_TARGET = 10.14;
				MTL_ENABLE_DEBUG_INFO = NO;
				MTL_FAST_MATH = YES;
				SDKROOT = macosx;
				SWIFT_COMPILATION_MODE = wholemodule;
				SWIFT_OPTIMIZATION_LEVEL = "-O";
			};
			name = Release;
		};
		93DCB8F3222C88A40003FBC8 /* Debug */ = {
			isa = XCBuildConfiguration;
			buildSettings = {
				ASSETCATALOG_COMPILER_APPICON_NAME = AppIcon;
				CODE_SIGN_ENTITLEMENTS = RayTracerChallenge/RayTracerChallenge.entitlements;
				CODE_SIGN_STYLE = Automatic;
				COMBINE_HIDPI_IMAGES = YES;
				DEVELOPMENT_TEAM = 9UF8V9F4ZJ;
				INFOPLIST_FILE = RayTracerChallenge/Info.plist;
				LD_RUNPATH_SEARCH_PATHS = (
					"$(inherited)",
					"@executable_path/../Frameworks",
				);
				PRODUCT_BUNDLE_IDENTIFIER = com.tinyrobot.RayTracerChallenge;
				PRODUCT_NAME = "$(TARGET_NAME)";
				SWIFT_VERSION = 5.0;
			};
			name = Debug;
		};
		93DCB8F4222C88A40003FBC8 /* Release */ = {
			isa = XCBuildConfiguration;
			buildSettings = {
				ASSETCATALOG_COMPILER_APPICON_NAME = AppIcon;
				CODE_SIGN_ENTITLEMENTS = RayTracerChallenge/RayTracerChallenge.entitlements;
				CODE_SIGN_STYLE = Automatic;
				COMBINE_HIDPI_IMAGES = YES;
				DEVELOPMENT_TEAM = 9UF8V9F4ZJ;
				INFOPLIST_FILE = RayTracerChallenge/Info.plist;
				LD_RUNPATH_SEARCH_PATHS = (
					"$(inherited)",
					"@executable_path/../Frameworks",
				);
				PRODUCT_BUNDLE_IDENTIFIER = com.tinyrobot.RayTracerChallenge;
				PRODUCT_NAME = "$(TARGET_NAME)";
				SWIFT_VERSION = 5.0;
			};
			name = Release;
		};
		93DCB8F6222C88A40003FBC8 /* Debug */ = {
			isa = XCBuildConfiguration;
			buildSettings = {
				ALWAYS_EMBED_SWIFT_STANDARD_LIBRARIES = YES;
				BUNDLE_LOADER = "$(TEST_HOST)";
				CODE_SIGN_STYLE = Automatic;
				COMBINE_HIDPI_IMAGES = YES;
				DEVELOPMENT_TEAM = 9UF8V9F4ZJ;
				INFOPLIST_FILE = RayTracerChallengeTests/Info.plist;
				LD_RUNPATH_SEARCH_PATHS = (
					"$(inherited)",
					"@executable_path/../Frameworks",
					"@loader_path/../Frameworks",
				);
				PRODUCT_BUNDLE_IDENTIFIER = com.tinyrobot.RayTracerChallengeTests;
				PRODUCT_NAME = "$(TARGET_NAME)";
				SWIFT_VERSION = 5.0;
				TEST_HOST = "$(BUILT_PRODUCTS_DIR)/RayTracerChallenge.app/Contents/MacOS/RayTracerChallenge";
			};
			name = Debug;
		};
		93DCB8F7222C88A40003FBC8 /* Release */ = {
			isa = XCBuildConfiguration;
			buildSettings = {
				ALWAYS_EMBED_SWIFT_STANDARD_LIBRARIES = YES;
				BUNDLE_LOADER = "$(TEST_HOST)";
				CODE_SIGN_STYLE = Automatic;
				COMBINE_HIDPI_IMAGES = YES;
				DEVELOPMENT_TEAM = 9UF8V9F4ZJ;
				INFOPLIST_FILE = RayTracerChallengeTests/Info.plist;
				LD_RUNPATH_SEARCH_PATHS = (
					"$(inherited)",
					"@executable_path/../Frameworks",
					"@loader_path/../Frameworks",
				);
				PRODUCT_BUNDLE_IDENTIFIER = com.tinyrobot.RayTracerChallengeTests;
				PRODUCT_NAME = "$(TARGET_NAME)";
				SWIFT_VERSION = 5.0;
				TEST_HOST = "$(BUILT_PRODUCTS_DIR)/RayTracerChallenge.app/Contents/MacOS/RayTracerChallenge";
			};
			name = Release;
		};
/* End XCBuildConfiguration section */

/* Begin XCConfigurationList section */
		93DCB8D4222C88A30003FBC8 /* Build configuration list for PBXProject "RayTracerChallenge" */ = {
			isa = XCConfigurationList;
			buildConfigurations = (
				93DCB8F0222C88A40003FBC8 /* Debug */,
				93DCB8F1222C88A40003FBC8 /* Release */,
			);
			defaultConfigurationIsVisible = 0;
			defaultConfigurationName = Release;
		};
		93DCB8F2222C88A40003FBC8 /* Build configuration list for PBXNativeTarget "RayTracerChallenge" */ = {
			isa = XCConfigurationList;
			buildConfigurations = (
				93DCB8F3222C88A40003FBC8 /* Debug */,
				93DCB8F4222C88A40003FBC8 /* Release */,
			);
			defaultConfigurationIsVisible = 0;
			defaultConfigurationName = Release;
		};
		93DCB8F5222C88A40003FBC8 /* Build configuration list for PBXNativeTarget "RayTracerChallengeTests" */ = {
			isa = XCConfigurationList;
			buildConfigurations = (
				93DCB8F6222C88A40003FBC8 /* Debug */,
				93DCB8F7222C88A40003FBC8 /* Release */,
			);
			defaultConfigurationIsVisible = 0;
			defaultConfigurationName = Release;
		};
/* End XCConfigurationList section */
	};
	rootObject = 93DCB8D1222C88A30003FBC8 /* Project object */;
}
